
Microsoft Visual Studio Solution File, Format Version 12.00
# Visual Studio Version 17
VisualStudioVersion = 17.2.32630.192
MinimumVisualStudioVersion = 10.0.40219.1
Project("{8BC9CEB8-8B4A-11D0-8D11-00A0C91BC942}") = "ProjectWinAPIText", "ProjectWinAPIText\ProjectWinAPIText.vcxproj", "{4AF30FFC-731E-4EB7-AB21-5F02756F2499}"
EndProject
Global
	GlobalSection(SolutionConfigurationPlatforms) = preSolution
		Debug|x64 = Debug|x64
		Debug|x86 = Debug|x86
		Release|x64 = Release|x64
		Release|x86 = Release|x86
	EndGlobalSection
	GlobalSection(ProjectConfigurationPlatforms) = postSolution
		{4AF30FFC-731E-4EB7-AB21-5F02756F2499}.Debug|x64.ActiveCfg = Debug|x64
		{4AF30FFC-731E-4EB7-AB21-5F02756F2499}.Debug|x64.Build.0 = Debug|x64
		{4AF30FFC-731E-4EB7-AB21-5F02756F2499}.Debug|x86.ActiveCfg = Debug|Win32
		{4AF30FFC-731E-4EB7-AB21-5F02756F2499}.Debug|x86.Build.0 = Debug|Win32
		{4AF30FFC-731E-4EB7-AB21-5F02756F2499}.Release|x64.ActiveCfg = Release|x64
		{4AF30FFC-731E-4EB7-AB21-5F02756F2499}.Release|x64.Build.0 = Release|x64
		{4AF30FFC-731E-4EB7-AB21-5F02756F2499}.Release|x86.ActiveCfg = Release|Win32
		{4AF30FFC-731E-4EB7-AB21-5F02756F2499}.Release|x86.Build.0 = Release|Win32
	EndGlobalSection
	GlobalSection(SolutionProperties) = preSolution
		HideSolutionNode = FALSE
	EndGlobalSection
	GlobalSection(ExtensibilityGlobals) = postSolution
		SolutionGuid = {F2BB4685-54C5-4317-B1FB-52EAB3957BD4}
	EndGlobalSection
EndGlobal
